
Microsoft Visual Studio Solution File, Format Version 12.00
# Visual Studio Version 17
VisualStudioVersion = 17.7.34202.233
MinimumVisualStudioVersion = 10.0.40219.1
Project("{FAE04EC0-301F-11D3-BF4B-00C04F79EFBC}") = "ProjektowniaCore", "ProjektowniaCore.csproj", "{2AB134A1-C8A8-4A78-A1DC-BDD4C9B4ADF8}"
EndProject
Global
	GlobalSection(SolutionConfigurationPlatforms) = preSolution
		Debug|Any CPU = Debug|Any CPU
		Release|Any CPU = Release|Any CPU
	EndGlobalSection
	GlobalSection(ProjectConfigurationPlatforms) = postSolution
		{2AB134A1-C8A8-4A78-A1DC-BDD4C9B4ADF8}.Debug|Any CPU.ActiveCfg = Debug|Any CPU
		{2AB134A1-C8A8-4A78-A1DC-BDD4C9B4ADF8}.Debug|Any CPU.Build.0 = Debug|Any CPU
		{2AB134A1-C8A8-4A78-A1DC-BDD4C9B4ADF8}.Release|Any CPU.ActiveCfg = Release|Any CPU
		{2AB134A1-C8A8-4A78-A1DC-BDD4C9B4ADF8}.Release|Any CPU.Build.0 = Release|Any CPU
	EndGlobalSection
	GlobalSection(SolutionProperties) = preSolution
		HideSolutionNode = FALSE
	EndGlobalSection
	GlobalSection(ExtensibilityGlobals) = postSolution
		SolutionGuid = {201F5A32-D808-4C93-8869-AA7231C8ECB3}
	EndGlobalSection
EndGlobal
